// !$*UTF8*$!
{
	archiveVersion = 1;
	classes = {
	};
	objectVersion = 50;
	objects = {

/* Begin PBXBuildFile section */
		7A6F420321E38D8D0085257E /* AppDelegate.swift in Sources */ = {isa = PBXBuildFile; fileRef = 7A6F420221E38D8D0085257E /* AppDelegate.swift */; };
		7A6F420521E38D8D0085257E /* ViewController.swift in Sources */ = {isa = PBXBuildFile; fileRef = 7A6F420421E38D8D0085257E /* ViewController.swift */; };
		7A6F420821E38D8D0085257E /* Main.storyboard in Resources */ = {isa = PBXBuildFile; fileRef = 7A6F420621E38D8D0085257E /* Main.storyboard */; };
		7A6F420A21E38D950085257E /* Assets.xcassets in Resources */ = {isa = PBXBuildFile; fileRef = 7A6F420921E38D950085257E /* Assets.xcassets */; };
		7A6F420D21E38D950085257E /* LaunchScreen.storyboard in Resources */ = {isa = PBXBuildFile; fileRef = 7A6F420B21E38D950085257E /* LaunchScreen.storyboard */; };
		7A6F421821E38D950085257E /* Mobile_Computing_appTests.swift in Sources */ = {isa = PBXBuildFile; fileRef = 7A6F421721E38D950085257E /* Mobile_Computing_appTests.swift */; };
		7A6F422321E38D950085257E /* Mobile_Computing_appUITests.swift in Sources */ = {isa = PBXBuildFile; fileRef = 7A6F422221E38D950085257E /* Mobile_Computing_appUITests.swift */; };
/* End PBXBuildFile section */

/* Begin PBXContainerItemProxy section */
		7A6F421421E38D950085257E /* PBXContainerItemProxy */ = {
			isa = PBXContainerItemProxy;
			containerPortal = 7A6F41F721E38D8D0085257E /* Project object */;
			proxyType = 1;
			remoteGlobalIDString = 7A6F41FE21E38D8D0085257E;
			remoteInfo = "Mobile Computing app";
		};
		7A6F421F21E38D950085257E /* PBXContainerItemProxy */ = {
			isa = PBXContainerItemProxy;
			containerPortal = 7A6F41F721E38D8D0085257E /* Project object */;
			proxyType = 1;
			remoteGlobalIDString = 7A6F41FE21E38D8D0085257E;
			remoteInfo = "Mobile Computing app";
		};
/* End PBXContainerItemProxy section */

/* Begin PBXFileReference section */
		7A6F41FF21E38D8D0085257E /* Mobile Computing app.app */ = {isa = PBXFileReference; explicitFileType = wrapper.application; includeInIndex = 0; path = "Mobile Computing app.app"; sourceTree = BUILT_PRODUCTS_DIR; };
		7A6F420221E38D8D0085257E /* AppDelegate.swift */ = {isa = PBXFileReference; lastKnownFileType = sourcecode.swift; path = AppDelegate.swift; sourceTree = "<group>"; };
		7A6F420421E38D8D0085257E /* ViewController.swift */ = {isa = PBXFileReference; lastKnownFileType = sourcecode.swift; path = ViewController.swift; sourceTree = "<group>"; };
		7A6F420721E38D8D0085257E /* Base */ = {isa = PBXFileReference; lastKnownFileType = file.storyboard; name = Base; path = Base.lproj/Main.storyboard; sourceTree = "<group>"; };
		7A6F420921E38D950085257E /* Assets.xcassets */ = {isa = PBXFileReference; lastKnownFileType = folder.assetcatalog; path = Assets.xcassets; sourceTree = "<group>"; };
		7A6F420C21E38D950085257E /* Base */ = {isa = PBXFileReference; lastKnownFileType = file.storyboard; name = Base; path = Base.lproj/LaunchScreen.storyboard; sourceTree = "<group>"; };
		7A6F420E21E38D950085257E /* Info.plist */ = {isa = PBXFileReference; lastKnownFileType = text.plist.xml; path = Info.plist; sourceTree = "<group>"; };
		7A6F421321E38D950085257E /* Mobile Computing appTests.xctest */ = {isa = PBXFileReference; explicitFileType = wrapper.cfbundle; includeInIndex = 0; path = "Mobile Computing appTests.xctest"; sourceTree = BUILT_PRODUCTS_DIR; };
		7A6F421721E38D950085257E /* Mobile_Computing_appTests.swift */ = {isa = PBXFileReference; lastKnownFileType = sourcecode.swift; path = Mobile_Computing_appTests.swift; sourceTree = "<group>"; };
		7A6F421921E38D950085257E /* Info.plist */ = {isa = PBXFileReference; lastKnownFileType = text.plist.xml; path = Info.plist; sourceTree = "<group>"; };
		7A6F421E21E38D950085257E /* Mobile Computing appUITests.xctest */ = {isa = PBXFileReference; explicitFileType = wrapper.cfbundle; includeInIndex = 0; path = "Mobile Computing appUITests.xctest"; sourceTree = BUILT_PRODUCTS_DIR; };
		7A6F422221E38D950085257E /* Mobile_Computing_appUITests.swift */ = {isa = PBXFileReference; lastKnownFileType = sourcecode.swift; path = Mobile_Computing_appUITests.swift; sourceTree = "<group>"; };
		7A6F422421E38D950085257E /* Info.plist */ = {isa = PBXFileReference; lastKnownFileType = text.plist.xml; path = Info.plist; sourceTree = "<group>"; };
/* End PBXFileReference section */

/* Begin PBXFrameworksBuildPhase section */
		7A6F41FC21E38D8D0085257E /* Frameworks */ = {
			isa = PBXFrameworksBuildPhase;
			buildActionMask = 2147483647;
			files = (
			);
			runOnlyForDeploymentPostprocessing = 0;
		};
		7A6F421021E38D950085257E /* Frameworks */ = {
			isa = PBXFrameworksBuildPhase;
			buildActionMask = 2147483647;
			files = (
			);
			runOnlyForDeploymentPostprocessing = 0;
		};
		7A6F421B21E38D950085257E /* Frameworks */ = {
			isa = PBXFrameworksBuildPhase;
			buildActionMask = 2147483647;
			files = (
			);
			runOnlyForDeploymentPostprocessing = 0;
		};
/* End PBXFrameworksBuildPhase section */

/* Begin PBXGroup section */
		7A6F41F621E38D8D0085257E = {
			isa = PBXGroup;
			children = (
				7A6F420121E38D8D0085257E /* Mobile Computing app */,
				7A6F421621E38D950085257E /* Mobile Computing appTests */,
				7A6F422121E38D950085257E /* Mobile Computing appUITests */,
				7A6F420021E38D8D0085257E /* Products */,
			);
			sourceTree = "<group>";
		};
		7A6F420021E38D8D0085257E /* Products */ = {
			isa = PBXGroup;
			children = (
				7A6F41FF21E38D8D0085257E /* Mobile Computing app.app */,
				7A6F421321E38D950085257E /* Mobile Computing appTests.xctest */,
				7A6F421E21E38D950085257E /* Mobile Computing appUITests.xctest */,
			);
			name = Products;
			sourceTree = "<group>";
		};
		7A6F420121E38D8D0085257E /* Mobile Computing app */ = {
			isa = PBXGroup;
			children = (
				7A6F420221E38D8D0085257E /* AppDelegate.swift */,
				7A6F420421E38D8D0085257E /* ViewController.swift */,
				7A6F420621E38D8D0085257E /* Main.storyboard */,
				7A6F420921E38D950085257E /* Assets.xcassets */,
				7A6F420B21E38D950085257E /* LaunchScreen.storyboard */,
				7A6F420E21E38D950085257E /* Info.plist */,
			);
			path = "Mobile Computing app";
			sourceTree = "<group>";
		};
		7A6F421621E38D950085257E /* Mobile Computing appTests */ = {
			isa = PBXGroup;
			children = (
				7A6F421721E38D950085257E /* Mobile_Computing_appTests.swift */,
				7A6F421921E38D950085257E /* Info.plist */,
			);
			path = "Mobile Computing appTests";
			sourceTree = "<group>";
		};
		7A6F422121E38D950085257E /* Mobile Computing appUITests */ = {
			isa = PBXGroup;
			children = (
				7A6F422221E38D950085257E /* Mobile_Computing_appUITests.swift */,
				7A6F422421E38D950085257E /* Info.plist */,
			);
			path = "Mobile Computing appUITests";
			sourceTree = "<group>";
		};
/* End PBXGroup section */

/* Begin PBXNativeTarget section */
		7A6F41FE21E38D8D0085257E /* Mobile Computing app */ = {
			isa = PBXNativeTarget;
			buildConfigurationList = 7A6F422721E38D950085257E /* Build configuration list for PBXNativeTarget "Mobile Computing app" */;
			buildPhases = (
				7A6F41FB21E38D8D0085257E /* Sources */,
				7A6F41FC21E38D8D0085257E /* Frameworks */,
				7A6F41FD21E38D8D0085257E /* Resources */,
			);
			buildRules = (
			);
			dependencies = (
			);
			name = "Mobile Computing app";
			productName = "Mobile Computing app";
			productReference = 7A6F41FF21E38D8D0085257E /* Mobile Computing app.app */;
			productType = "com.apple.product-type.application";
		};
		7A6F421221E38D950085257E /* Mobile Computing appTests */ = {
			isa = PBXNativeTarget;
			buildConfigurationList = 7A6F422A21E38D950085257E /* Build configuration list for PBXNativeTarget "Mobile Computing appTests" */;
			buildPhases = (
				7A6F420F21E38D950085257E /* Sources */,
				7A6F421021E38D950085257E /* Frameworks */,
				7A6F421121E38D950085257E /* Resources */,
			);
			buildRules = (
			);
			dependencies = (
				7A6F421521E38D950085257E /* PBXTargetDependency */,
			);
			name = "Mobile Computing appTests";
			productName = "Mobile Computing appTests";
			productReference = 7A6F421321E38D950085257E /* Mobile Computing appTests.xctest */;
			productType = "com.apple.product-type.bundle.unit-test";
		};
		7A6F421D21E38D950085257E /* Mobile Computing appUITests */ = {
			isa = PBXNativeTarget;
			buildConfigurationList = 7A6F422D21E38D950085257E /* Build configuration list for PBXNativeTarget "Mobile Computing appUITests" */;
			buildPhases = (
				7A6F421A21E38D950085257E /* Sources */,
				7A6F421B21E38D950085257E /* Frameworks */,
				7A6F421C21E38D950085257E /* Resources */,
			);
			buildRules = (
			);
			dependencies = (
				7A6F422021E38D950085257E /* PBXTargetDependency */,
			);
			name = "Mobile Computing appUITests";
			productName = "Mobile Computing appUITests";
			productReference = 7A6F421E21E38D950085257E /* Mobile Computing appUITests.xctest */;
			productType = "com.apple.product-type.bundle.ui-testing";
		};
/* End PBXNativeTarget section */

/* Begin PBXProject section */
		7A6F41F721E38D8D0085257E /* Project object */ = {
			isa = PBXProject;
			attributes = {
				LastSwiftUpdateCheck = 1010;
				LastUpgradeCheck = 1010;
				ORGANIZATIONNAME = 14042216;
				TargetAttributes = {
					7A6F41FE21E38D8D0085257E = {
						CreatedOnToolsVersion = 10.1;
					};
					7A6F421221E38D950085257E = {
						CreatedOnToolsVersion = 10.1;
						TestTargetID = 7A6F41FE21E38D8D0085257E;
					};
					7A6F421D21E38D950085257E = {
						CreatedOnToolsVersion = 10.1;
						TestTargetID = 7A6F41FE21E38D8D0085257E;
					};
				};
			};
			buildConfigurationList = 7A6F41FA21E38D8D0085257E /* Build configuration list for PBXProject "Mobile Computing app" */;
			compatibilityVersion = "Xcode 9.3";
			developmentRegion = en;
			hasScannedForEncodings = 0;
			knownRegions = (
				en,
				Base,
			);
			mainGroup = 7A6F41F621E38D8D0085257E;
			productRefGroup = 7A6F420021E38D8D0085257E /* Products */;
			projectDirPath = "";
			projectRoot = "";
			targets = (
				7A6F41FE21E38D8D0085257E /* Mobile Computing app */,
				7A6F421221E38D950085257E /* Mobile Computing appTests */,
				7A6F421D21E38D950085257E /* Mobile Computing appUITests */,
			);
		};
/* End PBXProject section */

/* Begin PBXResourcesBuildPhase section */
		7A6F41FD21E38D8D0085257E /* Resources */ = {
			isa = PBXResourcesBuildPhase;
			buildActionMask = 2147483647;
			files = (
				7A6F420D21E38D950085257E /* LaunchScreen.storyboard in Resources */,
				7A6F420A21E38D950085257E /* Assets.xcassets in Resources */,
				7A6F420821E38D8D0085257E /* Main.storyboard in Resources */,
			);
			runOnlyForDeploymentPostprocessing = 0;
		};
		7A6F421121E38D950085257E /* Resources */ = {
			isa = PBXResourcesBuildPhase;
			buildActionMask = 2147483647;
			files = (
			);
			runOnlyForDeploymentPostprocessing = 0;
		};
		7A6F421C21E38D950085257E /* Resources */ = {
			isa = PBXResourcesBuildPhase;
			buildActionMask = 2147483647;
			files = (
			);
			runOnlyForDeploymentPostprocessing = 0;
		};
/* End PBXResourcesBuildPhase section */

/* Begin PBXSourcesBuildPhase section */
		7A6F41FB21E38D8D0085257E /* Sources */ = {
			isa = PBXSourcesBuildPhase;
			buildActionMask = 2147483647;
			files = (
				7A6F420521E38D8D0085257E /* ViewController.swift in Sources */,
				7A6F420321E38D8D0085257E /* AppDelegate.swift in Sources */,
			);
			runOnlyForDeploymentPostprocessing = 0;
		};
		7A6F420F21E38D950085257E /* Sources */ = {
			isa = PBXSourcesBuildPhase;
			buildActionMask = 2147483647;
			files = (
				7A6F421821E38D950085257E /* Mobile_Computing_appTests.swift in Sources */,
			);
			runOnlyForDeploymentPostprocessing = 0;
		};
		7A6F421A21E38D950085257E /* Sources */ = {
			isa = PBXSourcesBuildPhase;
			buildActionMask = 2147483647;
			files = (
				7A6F422321E38D950085257E /* Mobile_Computing_appUITests.swift in Sources */,
			);
			runOnlyForDeploymentPostprocessing = 0;
		};
/* End PBXSourcesBuildPhase section */

/* Begin PBXTargetDependency section */
		7A6F421521E38D950085257E /* PBXTargetDependency */ = {
			isa = PBXTargetDependency;
			target = 7A6F41FE21E38D8D0085257E /* Mobile Computing app */;
			targetProxy = 7A6F421421E38D950085257E /* PBXContainerItemProxy */;
		};
		7A6F422021E38D950085257E /* PBXTargetDependency */ = {
			isa = PBXTargetDependency;
			target = 7A6F41FE21E38D8D0085257E /* Mobile Computing app */;
			targetProxy = 7A6F421F21E38D950085257E /* PBXContainerItemProxy */;
		};
/* End PBXTargetDependency section */

/* Begin PBXVariantGroup section */
		7A6F420621E38D8D0085257E /* Main.storyboard */ = {
			isa = PBXVariantGroup;
			children = (
				7A6F420721E38D8D0085257E /* Base */,
			);
			name = Main.storyboard;
			sourceTree = "<group>";
		};
		7A6F420B21E38D950085257E /* LaunchScreen.storyboard */ = {
			isa = PBXVariantGroup;
			children = (
				7A6F420C21E38D950085257E /* Base */,
			);
			name = LaunchScreen.storyboard;
			sourceTree = "<group>";
		};
/* End PBXVariantGroup section */

/* Begin XCBuildConfiguration section */
		7A6F422521E38D950085257E /* Debug */ = {
			isa = XCBuildConfiguration;
			buildSettings = {
				ALWAYS_SEARCH_USER_PATHS = NO;
				CLANG_ANALYZER_NONNULL = YES;
				CLANG_ANALYZER_NUMBER_OBJECT_CONVERSION = YES_AGGRESSIVE;
				CLANG_CXX_LANGUAGE_STANDARD = "gnu++14";
				CLANG_CXX_LIBRARY = "libc++";
				CLANG_ENABLE_MODULES = YES;
				CLANG_ENABLE_OBJC_ARC = YES;
				CLANG_ENABLE_OBJC_WEAK = YES;
				CLANG_WARN_BLOCK_CAPTURE_AUTORELEASING = YES;
				CLANG_WARN_BOOL_CONVERSION = YES;
				CLANG_WARN_COMMA = YES;
				CLANG_WARN_CONSTANT_CONVERSION = YES;
				CLANG_WARN_DEPRECATED_OBJC_IMPLEMENTATIONS = YES;
				CLANG_WARN_DIRECT_OBJC_ISA_USAGE = YES_ERROR;
				CLANG_WARN_DOCUMENTATION_COMMENTS = YES;
				CLANG_WARN_EMPTY_BODY = YES;
				CLANG_WARN_ENUM_CONVERSION = YES;
				CLANG_WARN_INFINITE_RECURSION = YES;
				CLANG_WARN_INT_CONVERSION = YES;
				CLANG_WARN_NON_LITERAL_NULL_CONVERSION = YES;
				CLANG_WARN_OBJC_IMPLICIT_RETAIN_SELF = YES;
				CLANG_WARN_OBJC_LITERAL_CONVERSION = YES;
				CLANG_WARN_OBJC_ROOT_CLASS = YES_ERROR;
				CLANG_WARN_RANGE_LOOP_ANALYSIS = YES;
				CLANG_WARN_STRICT_PROTOTYPES = YES;
				CLANG_WARN_SUSPICIOUS_MOVE = YES;
				CLANG_WARN_UNGUARDED_AVAILABILITY = YES_AGGRESSIVE;
				CLANG_WARN_UNREACHABLE_CODE = YES;
				CLANG_WARN__DUPLICATE_METHOD_MATCH = YES;
				CODE_SIGN_IDENTITY = "iPhone Developer";
				COPY_PHASE_STRIP = NO;
				DEBUG_INFORMATION_FORMAT = dwarf;
				ENABLE_STRICT_OBJC_MSGSEND = YES;
				ENABLE_TESTABILITY = YES;
				GCC_C_LANGUAGE_STANDARD = gnu11;
				GCC_DYNAMIC_NO_PIC = NO;
				GCC_NO_COMMON_BLOCKS = YES;
				GCC_OPTIMIZATION_LEVEL = 0;
				GCC_PREPROCESSOR_DEFINITIONS = (
					"DEBUG=1",
					"$(inherited)",
				);
				GCC_WARN_64_TO_32_BIT_CONVERSION = YES;
				GCC_WARN_ABOUT_RETURN_TYPE = YES_ERROR;
				GCC_WARN_UNDECLARED_SELECTOR = YES;
				GCC_WARN_UNINITIALIZED_AUTOS = YES_AGGRESSIVE;
				GCC_WARN_UNUSED_FUNCTION = YES;
				GCC_WARN_UNUSED_VARIABLE = YES;
				IPHONEOS_DEPLOYMENT_TARGET = 12.1;
				MTL_ENABLE_DEBUG_INFO = INCLUDE_SOURCE;
				MTL_FAST_MATH = YES;
				ONLY_ACTIVE_ARCH = YES;
				SDKROOT = iphoneos;
				SWIFT_ACTIVE_COMPILATION_CONDITIONS = DEBUG;
				SWIFT_OPTIMIZATION_LEVEL = "-Onone";
			};
			name = Debug;
		};
		7A6F422621E38D950085257E /* Release */ = {
			isa = XCBuildConfiguration;
			buildSettings = {
				ALWAYS_SEARCH_USER_PATHS = NO;
				CLANG_ANALYZER_NONNULL = YES;
				CLANG_ANALYZER_NUMBER_OBJECT_CONVERSION = YES_AGGRESSIVE;
				CLANG_CXX_LANGUAGE_STANDARD = "gnu++14";
				CLANG_CXX_LIBRARY = "libc++";
				CLANG_ENABLE_MODULES = YES;
				CLANG_ENABLE_OBJC_ARC = YES;
				CLANG_ENABLE_OBJC_WEAK = YES;
				CLANG_WARN_BLOCK_CAPTURE_AUTORELEASING = YES;
				CLANG_WARN_BOOL_CONVERSION = YES;
				CLANG_WARN_COMMA = YES;
				CLANG_WARN_CONSTANT_CONVERSION = YES;
				CLANG_WARN_DEPRECATED_OBJC_IMPLEMENTATIONS = YES;
				CLANG_WARN_DIRECT_OBJC_ISA_USAGE = YES_ERROR;
				CLANG_WARN_DOCUMENTATION_COMMENTS = YES;
				CLANG_WARN_EMPTY_BODY = YES;
				CLANG_WARN_ENUM_CONVERSION = YES;
				CLANG_WARN_INFINITE_RECURSION = YES;
				CLANG_WARN_INT_CONVERSION = YES;
				CLANG_WARN_NON_LITERAL_NULL_CONVERSION = YES;
				CLANG_WARN_OBJC_IMPLICIT_RETAIN_SELF = YES;
				CLANG_WARN_OBJC_LITERAL_CONVERSION = YES;
				CLANG_WARN_OBJC_ROOT_CLASS = YES_ERROR;
				CLANG_WARN_RANGE_LOOP_ANALYSIS = YES;
				CLANG_WARN_STRICT_PROTOTYPES = YES;
				CLANG_WARN_SUSPICIOUS_MOVE = YES;
				CLANG_WARN_UNGUARDED_AVAILABILITY = YES_AGGRESSIVE;
				CLANG_WARN_UNREACHABLE_CODE = YES;
				CLANG_WARN__DUPLICATE_METHOD_MATCH = YES;
				CODE_SIGN_IDENTITY = "iPhone Developer";
				COPY_PHASE_STRIP = NO;
				DEBUG_INFORMATION_FORMAT = "dwarf-with-dsym";
				ENABLE_NS_ASSERTIONS = NO;
				ENABLE_STRICT_OBJC_MSGSEND = YES;
				GCC_C_LANGUAGE_STANDARD = gnu11;
				GCC_NO_COMMON_BLOCKS = YES;
				GCC_WARN_64_TO_32_BIT_CONVERSION = YES;
				GCC_WARN_ABOUT_RETURN_TYPE = YES_ERROR;
				GCC_WARN_UNDECLARED_SELECTOR = YES;
				GCC_WARN_UNINITIALIZED_AUTOS = YES_AGGRESSIVE;
				GCC_WARN_UNUSED_FUNCTION = YES;
				GCC_WARN_UNUSED_VARIABLE = YES;
				IPHONEOS_DEPLOYMENT_TARGET = 12.1;
				MTL_ENABLE_DEBUG_INFO = NO;
				MTL_FAST_MATH = YES;
				SDKROOT = iphoneos;
				SWIFT_COMPILATION_MODE = wholemodule;
				SWIFT_OPTIMIZATION_LEVEL = "-O";
				VALIDATE_PRODUCT = YES;
			};
			name = Release;
		};
		7A6F422821E38D950085257E /* Debug */ = {
			isa = XCBuildConfiguration;
			buildSettings = {
				ASSETCATALOG_COMPILER_APPICON_NAME = AppIcon;
				CODE_SIGN_STYLE = Automatic;
				DEVELOPMENT_TEAM = YY6BL9RQ8H;
				INFOPLIST_FILE = "Mobile Computing app/Info.plist";
				LD_RUNPATH_SEARCH_PATHS = (
					"$(inherited)",
					"@executable_path/Frameworks",
				);
				PRODUCT_BUNDLE_IDENTIFIER = "am14acc.Mobile-Computing-app";
				PRODUCT_NAME = "$(TARGET_NAME)";
				SWIFT_VERSION = 4.2;
				TARGETED_DEVICE_FAMILY = "1,2";
			};
			name = Debug;
		};
		7A6F422921E38D950085257E /* Release */ = {
			isa = XCBuildConfiguration;
			buildSettings = {
				ASSETCATALOG_COMPILER_APPICON_NAME = AppIcon;
				CODE_SIGN_STYLE = Automatic;
				DEVELOPMENT_TEAM = YY6BL9RQ8H;
				INFOPLIST_FILE = "Mobile Computing app/Info.plist";
				LD_RUNPATH_SEARCH_PATHS = (
					"$(inherited)",
					"@executable_path/Frameworks",
				);
				PRODUCT_BUNDLE_IDENTIFIER = "am14acc.Mobile-Computing-app";
				PRODUCT_NAME = "$(TARGET_NAME)";
				SWIFT_VERSION = 4.2;
				TARGETED_DEVICE_FAMILY = "1,2";
			};
			name = Release;
		};
		7A6F422B21E38D950085257E /* Debug */ = {
			isa = XCBuildConfiguration;
			buildSettings = {
				ALWAYS_EMBED_SWIFT_STANDARD_LIBRARIES = YES;
				BUNDLE_LOADER = "$(TEST_HOST)";
				CODE_SIGN_STYLE = Automatic;
				DEVELOPMENT_TEAM = YY6BL9RQ8H;
				INFOPLIST_FILE = "Mobile Computing appTests/Info.plist";
				LD_RUNPATH_SEARCH_PATHS = (
					"$(inherited)",
					"@executable_path/Frameworks",
					"@loader_path/Frameworks",
				);
				PRODUCT_BUNDLE_IDENTIFIER = "am14acc.Mobile-Computing-appTests";
				PRODUCT_NAME = "$(TARGET_NAME)";
				SWIFT_VERSION = 4.2;
				TARGETED_DEVICE_FAMILY = "1,2";
				TEST_HOST = "$(BUILT_PRODUCTS_DIR)/Mobile Computing app.app/Mobile Computing app";
			};
			name = Debug;
		};
		7A6F422C21E38D950085257E /* Release */ = {
			isa = XCBuildConfiguration;
			buildSettings = {
				ALWAYS_EMBED_SWIFT_STANDARD_LIBRARIES = YES;
				BUNDLE_LOADER = "$(TEST_HOST)";
				CODE_SIGN_STYLE = Automatic;
				DEVELOPMENT_TEAM = YY6BL9RQ8H;
				INFOPLIST_FILE = "Mobile Computing appTests/Info.plist";
				LD_RUNPATH_SEARCH_PATHS = (
					"$(inherited)",
					"@executable_path/Frameworks",
					"@loader_path/Frameworks",
				);
				PRODUCT_BUNDLE_IDENTIFIER = "am14acc.Mobile-Computing-appTests";
				PRODUCT_NAME = "$(TARGET_NAME)";
				SWIFT_VERSION = 4.2;
				TARGETED_DEVICE_FAMILY = "1,2";
				TEST_HOST = "$(BUILT_PRODUCTS_DIR)/Mobile Computing app.app/Mobile Computing app";
			};
			name = Release;
		};
		7A6F422E21E38D950085257E /* Debug */ = {
			isa = XCBuildConfiguration;
			buildSettings = {
				ALWAYS_EMBED_SWIFT_STANDARD_LIBRARIES = YES;
				CODE_SIGN_STYLE = Automatic;
				DEVELOPMENT_TEAM = YY6BL9RQ8H;
				INFOPLIST_FILE = "Mobile Computing appUITests/Info.plist";
				LD_RUNPATH_SEARCH_PATHS = (
					"$(inherited)",
					"@executable_path/Frameworks",
					"@loader_path/Frameworks",
				);
				PRODUCT_BUNDLE_IDENTIFIER = "am14acc.Mobile-Computing-appUITests";
				PRODUCT_NAME = "$(TARGET_NAME)";
				SWIFT_VERSION = 4.2;
				TARGETED_DEVICE_FAMILY = "1,2";
				TEST_TARGET_NAME = "Mobile Computing app";
			};
			name = Debug;
		};
		7A6F422F21E38D950085257E /* Release */ = {
			isa = XCBuildConfiguration;
			buildSettings = {
				ALWAYS_EMBED_SWIFT_STANDARD_LIBRARIES = YES;
				CODE_SIGN_STYLE = Automatic;
				DEVELOPMENT_TEAM = YY6BL9RQ8H;
				INFOPLIST_FILE = "Mobile Computing appUITests/Info.plist";
				LD_RUNPATH_SEARCH_PATHS = (
					"$(inherited)",
					"@executable_path/Frameworks",
					"@loader_path/Frameworks",
				);
				PRODUCT_BUNDLE_IDENTIFIER = "am14acc.Mobile-Computing-appUITests";
				PRODUCT_NAME = "$(TARGET_NAME)";
				SWIFT_VERSION = 4.2;
				TARGETED_DEVICE_FAMILY = "1,2";
				TEST_TARGET_NAME = "Mobile Computing app";
			};
			name = Release;
		};
/* End XCBuildConfiguration section */

/* Begin XCConfigurationList section */
		7A6F41FA21E38D8D0085257E /* Build configuration list for PBXProject "Mobile Computing app" */ = {
			isa = XCConfigurationList;
			buildConfigurations = (
				7A6F422521E38D950085257E /* Debug */,
				7A6F422621E38D950085257E /* Release */,
			);
			defaultConfigurationIsVisible = 0;
			defaultConfigurationName = Release;
		};
		7A6F422721E38D950085257E /* Build configuration list for PBXNativeTarget "Mobile Computing app" */ = {
			isa = XCConfigurationList;
			buildConfigurations = (
				7A6F422821E38D950085257E /* Debug */,
				7A6F422921E38D950085257E /* Release */,
			);
			defaultConfigurationIsVisible = 0;
			defaultConfigurationName = Release;
		};
		7A6F422A21E38D950085257E /* Build configuration list for PBXNativeTarget "Mobile Computing appTests" */ = {
			isa = XCConfigurationList;
			buildConfigurations = (
				7A6F422B21E38D950085257E /* Debug */,
				7A6F422C21E38D950085257E /* Release */,
			);
			defaultConfigurationIsVisible = 0;
			defaultConfigurationName = Release;
		};
		7A6F422D21E38D950085257E /* Build configuration list for PBXNativeTarget "Mobile Computing appUITests" */ = {
			isa = XCConfigurationList;
			buildConfigurations = (
				7A6F422E21E38D950085257E /* Debug */,
				7A6F422F21E38D950085257E /* Release */,
			);
			defaultConfigurationIsVisible = 0;
			defaultConfigurationName = Release;
		};
/* End XCConfigurationList section */
	};
	rootObject = 7A6F41F721E38D8D0085257E /* Project object */;
}
